
Microsoft Visual Studio Solution File, Format Version 12.00
# Visual Studio 15
VisualStudioVersion = 15.0.28307.489
MinimumVisualStudioVersion = 10.0.40219.1
Project("{FAE04EC0-301F-11D3-BF4B-00C04F79EFBC}") = "ArrayCalcService", "ArrayCalcServiceWebAPI\ArrayCalcService.csproj", "{1AF1028E-FD7F-4766-B2A6-8607ED3D1083}"
EndProject
Project("{FAE04EC0-301F-11D3-BF4B-00C04F79EFBC}") = "BusinessLayer", "BusinessLayer\BusinessLayer.csproj", "{C5D849C2-2B83-4931-94AC-DE8773CEF7AD}"
EndProject
Project("{FAE04EC0-301F-11D3-BF4B-00C04F79EFBC}") = "ArrayCalcUnitTest", "Tests\ArrayCalcUnitTest\ArrayCalcUnitTest.csproj", "{4419B4C7-45BD-406D-920E-6B3CCA0F7E83}"
EndProject
Project("{2150E333-8FDC-42A3-9474-1A3956D46DE8}") = "Tests", "Tests", "{8FDAE570-31D7-438E-9DFC-38FA336891D9}"
EndProject
Project("{FAE04EC0-301F-11D3-BF4B-00C04F79EFBC}") = "BusinessLayer.Tests", "Tests\BusinessLayer.Tests\BusinessLayer.Tests.csproj", "{27B2E729-330A-4818-B0A5-64CB04FE6EA6}"
EndProject
Global
	GlobalSection(SolutionConfigurationPlatforms) = preSolution
		Debug|Any CPU = Debug|Any CPU
		Release|Any CPU = Release|Any CPU
	EndGlobalSection
	GlobalSection(ProjectConfigurationPlatforms) = postSolution
		{1AF1028E-FD7F-4766-B2A6-8607ED3D1083}.Debug|Any CPU.ActiveCfg = Debug|Any CPU
		{1AF1028E-FD7F-4766-B2A6-8607ED3D1083}.Debug|Any CPU.Build.0 = Debug|Any CPU
		{1AF1028E-FD7F-4766-B2A6-8607ED3D1083}.Release|Any CPU.ActiveCfg = Release|Any CPU
		{1AF1028E-FD7F-4766-B2A6-8607ED3D1083}.Release|Any CPU.Build.0 = Release|Any CPU
		{C5D849C2-2B83-4931-94AC-DE8773CEF7AD}.Debug|Any CPU.ActiveCfg = Debug|Any CPU
		{C5D849C2-2B83-4931-94AC-DE8773CEF7AD}.Debug|Any CPU.Build.0 = Debug|Any CPU
		{C5D849C2-2B83-4931-94AC-DE8773CEF7AD}.Release|Any CPU.ActiveCfg = Release|Any CPU
		{C5D849C2-2B83-4931-94AC-DE8773CEF7AD}.Release|Any CPU.Build.0 = Release|Any CPU
		{4419B4C7-45BD-406D-920E-6B3CCA0F7E83}.Debug|Any CPU.ActiveCfg = Debug|Any CPU
		{4419B4C7-45BD-406D-920E-6B3CCA0F7E83}.Debug|Any CPU.Build.0 = Debug|Any CPU
		{4419B4C7-45BD-406D-920E-6B3CCA0F7E83}.Release|Any CPU.ActiveCfg = Release|Any CPU
		{4419B4C7-45BD-406D-920E-6B3CCA0F7E83}.Release|Any CPU.Build.0 = Release|Any CPU
		{27B2E729-330A-4818-B0A5-64CB04FE6EA6}.Debug|Any CPU.ActiveCfg = Debug|Any CPU
		{27B2E729-330A-4818-B0A5-64CB04FE6EA6}.Debug|Any CPU.Build.0 = Debug|Any CPU
		{27B2E729-330A-4818-B0A5-64CB04FE6EA6}.Release|Any CPU.ActiveCfg = Release|Any CPU
		{27B2E729-330A-4818-B0A5-64CB04FE6EA6}.Release|Any CPU.Build.0 = Release|Any CPU
	EndGlobalSection
	GlobalSection(SolutionProperties) = preSolution
		HideSolutionNode = FALSE
	EndGlobalSection
	GlobalSection(NestedProjects) = preSolution
		{4419B4C7-45BD-406D-920E-6B3CCA0F7E83} = {8FDAE570-31D7-438E-9DFC-38FA336891D9}
		{27B2E729-330A-4818-B0A5-64CB04FE6EA6} = {8FDAE570-31D7-438E-9DFC-38FA336891D9}
	EndGlobalSection
	GlobalSection(ExtensibilityGlobals) = postSolution
		SolutionGuid = {149F102D-9DA8-44AE-B8DE-11AAED807B1E}
	EndGlobalSection
EndGlobal
